
Microsoft Visual Studio Solution File, Format Version 12.00
# Visual Studio Version 17
VisualStudioVersion = 17.0.31903.59
MinimumVisualStudioVersion = 10.0.40219.1
Project("{2150E333-8FDC-42A3-9474-1A3956D46DE8}") = "src", "src", "{F5CCABF1-2AF7-4326-85BE-557CF1B6F22F}"
EndProject
Project("{FAE04EC0-301F-11D3-BF4B-00C04F79EFBC}") = "Boioot.Domain", "src\Boioot.Domain\Boioot.Domain.csproj", "{4B6B43BF-D63F-4FE2-878B-4DDBB7414F32}"
EndProject
Project("{FAE04EC0-301F-11D3-BF4B-00C04F79EFBC}") = "Boioot.Shared", "src\Boioot.Shared\Boioot.Shared.csproj", "{C2B06757-FD66-4146-A078-61E60D7C4E85}"
EndProject
Project("{FAE04EC0-301F-11D3-BF4B-00C04F79EFBC}") = "Boioot.Application", "src\Boioot.Application\Boioot.Application.csproj", "{25135FDD-5391-45AD-B8F8-6CF31B847FBB}"
EndProject
Project("{FAE04EC0-301F-11D3-BF4B-00C04F79EFBC}") = "Boioot.Infrastructure", "src\Boioot.Infrastructure\Boioot.Infrastructure.csproj", "{0B90D14A-0E5D-4832-AF47-7B809D59ED1D}"
EndProject
Project("{FAE04EC0-301F-11D3-BF4B-00C04F79EFBC}") = "Boioot.API", "src\Boioot.API\Boioot.API.csproj", "{36B51D06-A61D-4213-9295-DDAA996E430C}"
EndProject
Global
	GlobalSection(SolutionConfigurationPlatforms) = preSolution
		Debug|Any CPU = Debug|Any CPU
		Release|Any CPU = Release|Any CPU
	EndGlobalSection
	GlobalSection(SolutionProperties) = preSolution
		HideSolutionNode = FALSE
	EndGlobalSection
	GlobalSection(ProjectConfigurationPlatforms) = postSolution
		{4B6B43BF-D63F-4FE2-878B-4DDBB7414F32}.Debug|Any CPU.ActiveCfg = Debug|Any CPU
		{4B6B43BF-D63F-4FE2-878B-4DDBB7414F32}.Debug|Any CPU.Build.0 = Debug|Any CPU
		{4B6B43BF-D63F-4FE2-878B-4DDBB7414F32}.Release|Any CPU.ActiveCfg = Release|Any CPU
		{4B6B43BF-D63F-4FE2-878B-4DDBB7414F32}.Release|Any CPU.Build.0 = Release|Any CPU
		{C2B06757-FD66-4146-A078-61E60D7C4E85}.Debug|Any CPU.ActiveCfg = Debug|Any CPU
		{C2B06757-FD66-4146-A078-61E60D7C4E85}.Debug|Any CPU.Build.0 = Debug|Any CPU
		{C2B06757-FD66-4146-A078-61E60D7C4E85}.Release|Any CPU.ActiveCfg = Release|Any CPU
		{C2B06757-FD66-4146-A078-61E60D7C4E85}.Release|Any CPU.Build.0 = Release|Any CPU
		{25135FDD-5391-45AD-B8F8-6CF31B847FBB}.Debug|Any CPU.ActiveCfg = Debug|Any CPU
		{25135FDD-5391-45AD-B8F8-6CF31B847FBB}.Debug|Any CPU.Build.0 = Debug|Any CPU
		{25135FDD-5391-45AD-B8F8-6CF31B847FBB}.Release|Any CPU.ActiveCfg = Release|Any CPU
		{25135FDD-5391-45AD-B8F8-6CF31B847FBB}.Release|Any CPU.Build.0 = Release|Any CPU
		{0B90D14A-0E5D-4832-AF47-7B809D59ED1D}.Debug|Any CPU.ActiveCfg = Debug|Any CPU
		{0B90D14A-0E5D-4832-AF47-7B809D59ED1D}.Debug|Any CPU.Build.0 = Debug|Any CPU
		{0B90D14A-0E5D-4832-AF47-7B809D59ED1D}.Release|Any CPU.ActiveCfg = Release|Any CPU
		{0B90D14A-0E5D-4832-AF47-7B809D59ED1D}.Release|Any CPU.Build.0 = Release|Any CPU
		{36B51D06-A61D-4213-9295-DDAA996E430C}.Debug|Any CPU.ActiveCfg = Debug|Any CPU
		{36B51D06-A61D-4213-9295-DDAA996E430C}.Debug|Any CPU.Build.0 = Debug|Any CPU
		{36B51D06-A61D-4213-9295-DDAA996E430C}.Release|Any CPU.ActiveCfg = Release|Any CPU
		{36B51D06-A61D-4213-9295-DDAA996E430C}.Release|Any CPU.Build.0 = Release|Any CPU
	EndGlobalSection
	GlobalSection(NestedProjects) = preSolution
		{4B6B43BF-D63F-4FE2-878B-4DDBB7414F32} = {F5CCABF1-2AF7-4326-85BE-557CF1B6F22F}
		{C2B06757-FD66-4146-A078-61E60D7C4E85} = {F5CCABF1-2AF7-4326-85BE-557CF1B6F22F}
		{25135FDD-5391-45AD-B8F8-6CF31B847FBB} = {F5CCABF1-2AF7-4326-85BE-557CF1B6F22F}
		{0B90D14A-0E5D-4832-AF47-7B809D59ED1D} = {F5CCABF1-2AF7-4326-85BE-557CF1B6F22F}
		{36B51D06-A61D-4213-9295-DDAA996E430C} = {F5CCABF1-2AF7-4326-85BE-557CF1B6F22F}
	EndGlobalSection
EndGlobal
